// !$*UTF8*$!
{
	archiveVersion = 1;
	classes = {
	};
	objectVersion = 55;
	objects = {

/* Begin PBXBuildFile section */
		A8E89E3227A92BB000D9736E /* SwiftUI_Webview_tutorialApp.swift in Sources */ = {isa = PBXBuildFile; fileRef = A8E89E3127A92BB000D9736E /* SwiftUI_Webview_tutorialApp.swift */; };
		A8E89E3427A92BB000D9736E /* ContentView.swift in Sources */ = {isa = PBXBuildFile; fileRef = A8E89E3327A92BB000D9736E /* ContentView.swift */; };
		A8E89E3627A92BB100D9736E /* Assets.xcassets in Resources */ = {isa = PBXBuildFile; fileRef = A8E89E3527A92BB100D9736E /* Assets.xcassets */; };
		A8E89E3927A92BB100D9736E /* Preview Assets.xcassets in Resources */ = {isa = PBXBuildFile; fileRef = A8E89E3827A92BB100D9736E /* Preview Assets.xcassets */; };
		A8E89E3B27A92BB100D9736E /* Persistence.swift in Sources */ = {isa = PBXBuildFile; fileRef = A8E89E3A27A92BB100D9736E /* Persistence.swift */; };
		A8E89E3E27A92BB100D9736E /* SwiftUI_Webview_tutorial.xcdatamodeld in Sources */ = {isa = PBXBuildFile; fileRef = A8E89E3C27A92BB100D9736E /* SwiftUI_Webview_tutorial.xcdatamodeld */; };
		A8E89E4827A92BB100D9736E /* SwiftUI_Webview_tutorialTests.swift in Sources */ = {isa = PBXBuildFile; fileRef = A8E89E4727A92BB100D9736E /* SwiftUI_Webview_tutorialTests.swift */; };
		A8E89E5227A92BB100D9736E /* SwiftUI_Webview_tutorialUITests.swift in Sources */ = {isa = PBXBuildFile; fileRef = A8E89E5127A92BB100D9736E /* SwiftUI_Webview_tutorialUITests.swift */; };
		A8E89E5427A92BB100D9736E /* SwiftUI_Webview_tutorialUITestsLaunchTests.swift in Sources */ = {isa = PBXBuildFile; fileRef = A8E89E5327A92BB100D9736E /* SwiftUI_Webview_tutorialUITestsLaunchTests.swift */; };
/* End PBXBuildFile section */

/* Begin PBXContainerItemProxy section */
		A8E89E4427A92BB100D9736E /* PBXContainerItemProxy */ = {
			isa = PBXContainerItemProxy;
			containerPortal = A8E89E2627A92BB000D9736E /* Project object */;
			proxyType = 1;
			remoteGlobalIDString = A8E89E2D27A92BB000D9736E;
			remoteInfo = SwiftUI_Webview_tutorial;
		};
		A8E89E4E27A92BB100D9736E /* PBXContainerItemProxy */ = {
			isa = PBXContainerItemProxy;
			containerPortal = A8E89E2627A92BB000D9736E /* Project object */;
			proxyType = 1;
			remoteGlobalIDString = A8E89E2D27A92BB000D9736E;
			remoteInfo = SwiftUI_Webview_tutorial;
		};
/* End PBXContainerItemProxy section */

/* Begin PBXFileReference section */
		A8E89E2E27A92BB000D9736E /* SwiftUI_Webview_tutorial.app */ = {isa = PBXFileReference; explicitFileType = wrapper.application; includeInIndex = 0; path = SwiftUI_Webview_tutorial.app; sourceTree = BUILT_PRODUCTS_DIR; };
		A8E89E3127A92BB000D9736E /* SwiftUI_Webview_tutorialApp.swift */ = {isa = PBXFileReference; lastKnownFileType = sourcecode.swift; path = SwiftUI_Webview_tutorialApp.swift; sourceTree = "<group>"; };
		A8E89E3327A92BB000D9736E /* ContentView.swift */ = {isa = PBXFileReference; lastKnownFileType = sourcecode.swift; path = ContentView.swift; sourceTree = "<group>"; };
		A8E89E3527A92BB100D9736E /* Assets.xcassets */ = {isa = PBXFileReference; lastKnownFileType = folder.assetcatalog; path = Assets.xcassets; sourceTree = "<group>"; };
		A8E89E3827A92BB100D9736E /* Preview Assets.xcassets */ = {isa = PBXFileReference; lastKnownFileType = folder.assetcatalog; path = "Preview Assets.xcassets"; sourceTree = "<group>"; };
		A8E89E3A27A92BB100D9736E /* Persistence.swift */ = {isa = PBXFileReference; lastKnownFileType = sourcecode.swift; path = Persistence.swift; sourceTree = "<group>"; };
		A8E89E3D27A92BB100D9736E /* SwiftUI_Webview_tutorial.xcdatamodel */ = {isa = PBXFileReference; lastKnownFileType = wrapper.xcdatamodel; path = SwiftUI_Webview_tutorial.xcdatamodel; sourceTree = "<group>"; };
		A8E89E4327A92BB100D9736E /* SwiftUI_Webview_tutorialTests.xctest */ = {isa = PBXFileReference; explicitFileType = wrapper.cfbundle; includeInIndex = 0; path = SwiftUI_Webview_tutorialTests.xctest; sourceTree = BUILT_PRODUCTS_DIR; };
		A8E89E4727A92BB100D9736E /* SwiftUI_Webview_tutorialTests.swift */ = {isa = PBXFileReference; lastKnownFileType = sourcecode.swift; path = SwiftUI_Webview_tutorialTests.swift; sourceTree = "<group>"; };
		A8E89E4D27A92BB100D9736E /* SwiftUI_Webview_tutorialUITests.xctest */ = {isa = PBXFileReference; explicitFileType = wrapper.cfbundle; includeInIndex = 0; path = SwiftUI_Webview_tutorialUITests.xctest; sourceTree = BUILT_PRODUCTS_DIR; };
		A8E89E5127A92BB100D9736E /* SwiftUI_Webview_tutorialUITests.swift */ = {isa = PBXFileReference; lastKnownFileType = sourcecode.swift; path = SwiftUI_Webview_tutorialUITests.swift; sourceTree = "<group>"; };
		A8E89E5327A92BB100D9736E /* SwiftUI_Webview_tutorialUITestsLaunchTests.swift */ = {isa = PBXFileReference; lastKnownFileType = sourcecode.swift; path = SwiftUI_Webview_tutorialUITestsLaunchTests.swift; sourceTree = "<group>"; };
/* End PBXFileReference section */

/* Begin PBXFrameworksBuildPhase section */
		A8E89E2B27A92BB000D9736E /* Frameworks */ = {
			isa = PBXFrameworksBuildPhase;
			buildActionMask = 2147483647;
			files = (
			);
			runOnlyForDeploymentPostprocessing = 0;
		};
		A8E89E4027A92BB100D9736E /* Frameworks */ = {
			isa = PBXFrameworksBuildPhase;
			buildActionMask = 2147483647;
			files = (
			);
			runOnlyForDeploymentPostprocessing = 0;
		};
		A8E89E4A27A92BB100D9736E /* Frameworks */ = {
			isa = PBXFrameworksBuildPhase;
			buildActionMask = 2147483647;
			files = (
			);
			runOnlyForDeploymentPostprocessing = 0;
		};
/* End PBXFrameworksBuildPhase section */

/* Begin PBXGroup section */
		A8E89E2527A92BB000D9736E = {
			isa = PBXGroup;
			children = (
				A8E89E3027A92BB000D9736E /* SwiftUI_Webview_tutorial */,
				A8E89E4627A92BB100D9736E /* SwiftUI_Webview_tutorialTests */,
				A8E89E5027A92BB100D9736E /* SwiftUI_Webview_tutorialUITests */,
				A8E89E2F27A92BB000D9736E /* Products */,
			);
			sourceTree = "<group>";
		};
		A8E89E2F27A92BB000D9736E /* Products */ = {
			isa = PBXGroup;
			children = (
				A8E89E2E27A92BB000D9736E /* SwiftUI_Webview_tutorial.app */,
				A8E89E4327A92BB100D9736E /* SwiftUI_Webview_tutorialTests.xctest */,
				A8E89E4D27A92BB100D9736E /* SwiftUI_Webview_tutorialUITests.xctest */,
			);
			name = Products;
			sourceTree = "<group>";
		};
		A8E89E3027A92BB000D9736E /* SwiftUI_Webview_tutorial */ = {
			isa = PBXGroup;
			children = (
				A8E89E3127A92BB000D9736E /* SwiftUI_Webview_tutorialApp.swift */,
				A8E89E3327A92BB000D9736E /* ContentView.swift */,
				A8E89E3527A92BB100D9736E /* Assets.xcassets */,
				A8E89E3A27A92BB100D9736E /* Persistence.swift */,
				A8E89E3C27A92BB100D9736E /* SwiftUI_Webview_tutorial.xcdatamodeld */,
				A8E89E3727A92BB100D9736E /* Preview Content */,
			);
			path = SwiftUI_Webview_tutorial;
			sourceTree = "<group>";
		};
		A8E89E3727A92BB100D9736E /* Preview Content */ = {
			isa = PBXGroup;
			children = (
				A8E89E3827A92BB100D9736E /* Preview Assets.xcassets */,
			);
			path = "Preview Content";
			sourceTree = "<group>";
		};
		A8E89E4627A92BB100D9736E /* SwiftUI_Webview_tutorialTests */ = {
			isa = PBXGroup;
			children = (
				A8E89E4727A92BB100D9736E /* SwiftUI_Webview_tutorialTests.swift */,
			);
			path = SwiftUI_Webview_tutorialTests;
			sourceTree = "<group>";
		};
		A8E89E5027A92BB100D9736E /* SwiftUI_Webview_tutorialUITests */ = {
			isa = PBXGroup;
			children = (
				A8E89E5127A92BB100D9736E /* SwiftUI_Webview_tutorialUITests.swift */,
				A8E89E5327A92BB100D9736E /* SwiftUI_Webview_tutorialUITestsLaunchTests.swift */,
			);
			path = SwiftUI_Webview_tutorialUITests;
			sourceTree = "<group>";
		};
/* End PBXGroup section */

/* Begin PBXNativeTarget section */
		A8E89E2D27A92BB000D9736E /* SwiftUI_Webview_tutorial */ = {
			isa = PBXNativeTarget;
			buildConfigurationList = A8E89E5727A92BB100D9736E /* Build configuration list for PBXNativeTarget "SwiftUI_Webview_tutorial" */;
			buildPhases = (
				A8E89E2A27A92BB000D9736E /* Sources */,
				A8E89E2B27A92BB000D9736E /* Frameworks */,
				A8E89E2C27A92BB000D9736E /* Resources */,
			);
			buildRules = (
			);
			dependencies = (
			);
			name = SwiftUI_Webview_tutorial;
			productName = SwiftUI_Webview_tutorial;
			productReference = A8E89E2E27A92BB000D9736E /* SwiftUI_Webview_tutorial.app */;
			productType = "com.apple.product-type.application";
		};
		A8E89E4227A92BB100D9736E /* SwiftUI_Webview_tutorialTests */ = {
			isa = PBXNativeTarget;
			buildConfigurationList = A8E89E5A27A92BB100D9736E /* Build configuration list for PBXNativeTarget "SwiftUI_Webview_tutorialTests" */;
			buildPhases = (
				A8E89E3F27A92BB100D9736E /* Sources */,
				A8E89E4027A92BB100D9736E /* Frameworks */,
				A8E89E4127A92BB100D9736E /* Resources */,
			);
			buildRules = (
			);
			dependencies = (
				A8E89E4527A92BB100D9736E /* PBXTargetDependency */,
			);
			name = SwiftUI_Webview_tutorialTests;
			productName = SwiftUI_Webview_tutorialTests;
			productReference = A8E89E4327A92BB100D9736E /* SwiftUI_Webview_tutorialTests.xctest */;
			productType = "com.apple.product-type.bundle.unit-test";
		};
		A8E89E4C27A92BB100D9736E /* SwiftUI_Webview_tutorialUITests */ = {
			isa = PBXNativeTarget;
			buildConfigurationList = A8E89E5D27A92BB100D9736E /* Build configuration list for PBXNativeTarget "SwiftUI_Webview_tutorialUITests" */;
			buildPhases = (
				A8E89E4927A92BB100D9736E /* Sources */,
				A8E89E4A27A92BB100D9736E /* Frameworks */,
				A8E89E4B27A92BB100D9736E /* Resources */,
			);
			buildRules = (
			);
			dependencies = (
				A8E89E4F27A92BB100D9736E /* PBXTargetDependency */,
			);
			name = SwiftUI_Webview_tutorialUITests;
			productName = SwiftUI_Webview_tutorialUITests;
			productReference = A8E89E4D27A92BB100D9736E /* SwiftUI_Webview_tutorialUITests.xctest */;
			productType = "com.apple.product-type.bundle.ui-testing";
		};
/* End PBXNativeTarget section */

/* Begin PBXProject section */
		A8E89E2627A92BB000D9736E /* Project object */ = {
			isa = PBXProject;
			attributes = {
				BuildIndependentTargetsInParallel = 1;
				LastSwiftUpdateCheck = 1320;
				LastUpgradeCheck = 1320;
				TargetAttributes = {
					A8E89E2D27A92BB000D9736E = {
						CreatedOnToolsVersion = 13.2.1;
					};
					A8E89E4227A92BB100D9736E = {
						CreatedOnToolsVersion = 13.2.1;
						TestTargetID = A8E89E2D27A92BB000D9736E;
					};
					A8E89E4C27A92BB100D9736E = {
						CreatedOnToolsVersion = 13.2.1;
						TestTargetID = A8E89E2D27A92BB000D9736E;
					};
				};
			};
			buildConfigurationList = A8E89E2927A92BB000D9736E /* Build configuration list for PBXProject "SwiftUI_Webview_tutorial" */;
			compatibilityVersion = "Xcode 13.0";
			developmentRegion = en;
			hasScannedForEncodings = 0;
			knownRegions = (
				en,
				Base,
			);
			mainGroup = A8E89E2527A92BB000D9736E;
			productRefGroup = A8E89E2F27A92BB000D9736E /* Products */;
			projectDirPath = "";
			projectRoot = "";
			targets = (
				A8E89E2D27A92BB000D9736E /* SwiftUI_Webview_tutorial */,
				A8E89E4227A92BB100D9736E /* SwiftUI_Webview_tutorialTests */,
				A8E89E4C27A92BB100D9736E /* SwiftUI_Webview_tutorialUITests */,
			);
		};
/* End PBXProject section */

/* Begin PBXResourcesBuildPhase section */
		A8E89E2C27A92BB000D9736E /* Resources */ = {
			isa = PBXResourcesBuildPhase;
			buildActionMask = 2147483647;
			files = (
				A8E89E3927A92BB100D9736E /* Preview Assets.xcassets in Resources */,
				A8E89E3627A92BB100D9736E /* Assets.xcassets in Resources */,
			);
			runOnlyForDeploymentPostprocessing = 0;
		};
		A8E89E4127A92BB100D9736E /* Resources */ = {
			isa = PBXResourcesBuildPhase;
			buildActionMask = 2147483647;
			files = (
			);
			runOnlyForDeploymentPostprocessing = 0;
		};
		A8E89E4B27A92BB100D9736E /* Resources */ = {
			isa = PBXResourcesBuildPhase;
			buildActionMask = 2147483647;
			files = (
			);
			runOnlyForDeploymentPostprocessing = 0;
		};
/* End PBXResourcesBuildPhase section */

/* Begin PBXSourcesBuildPhase section */
		A8E89E2A27A92BB000D9736E /* Sources */ = {
			isa = PBXSourcesBuildPhase;
			buildActionMask = 2147483647;
			files = (
				A8E89E3B27A92BB100D9736E /* Persistence.swift in Sources */,
				A8E89E3427A92BB000D9736E /* ContentView.swift in Sources */,
				A8E89E3227A92BB000D9736E /* SwiftUI_Webview_tutorialApp.swift in Sources */,
				A8E89E3E27A92BB100D9736E /* SwiftUI_Webview_tutorial.xcdatamodeld in Sources */,
			);
			runOnlyForDeploymentPostprocessing = 0;
		};
		A8E89E3F27A92BB100D9736E /* Sources */ = {
			isa = PBXSourcesBuildPhase;
			buildActionMask = 2147483647;
			files = (
				A8E89E4827A92BB100D9736E /* SwiftUI_Webview_tutorialTests.swift in Sources */,
			);
			runOnlyForDeploymentPostprocessing = 0;
		};
		A8E89E4927A92BB100D9736E /* Sources */ = {
			isa = PBXSourcesBuildPhase;
			buildActionMask = 2147483647;
			files = (
				A8E89E5427A92BB100D9736E /* SwiftUI_Webview_tutorialUITestsLaunchTests.swift in Sources */,
				A8E89E5227A92BB100D9736E /* SwiftUI_Webview_tutorialUITests.swift in Sources */,
			);
			runOnlyForDeploymentPostprocessing = 0;
		};
/* End PBXSourcesBuildPhase section */

/* Begin PBXTargetDependency section */
		A8E89E4527A92BB100D9736E /* PBXTargetDependency */ = {
			isa = PBXTargetDependency;
			target = A8E89E2D27A92BB000D9736E /* SwiftUI_Webview_tutorial */;
			targetProxy = A8E89E4427A92BB100D9736E /* PBXContainerItemProxy */;
		};
		A8E89E4F27A92BB100D9736E /* PBXTargetDependency */ = {
			isa = PBXTargetDependency;
			target = A8E89E2D27A92BB000D9736E /* SwiftUI_Webview_tutorial */;
			targetProxy = A8E89E4E27A92BB100D9736E /* PBXContainerItemProxy */;
		};
/* End PBXTargetDependency section */

/* Begin XCBuildConfiguration section */
		A8E89E5527A92BB100D9736E /* Debug */ = {
			isa = XCBuildConfiguration;
			buildSettings = {
				ALWAYS_SEARCH_USER_PATHS = NO;
				CLANG_ANALYZER_NONNULL = YES;
				CLANG_ANALYZER_NUMBER_OBJECT_CONVERSION = YES_AGGRESSIVE;
				CLANG_CXX_LANGUAGE_STANDARD = "gnu++17";
				CLANG_CXX_LIBRARY = "libc++";
				CLANG_ENABLE_MODULES = YES;
				CLANG_ENABLE_OBJC_ARC = YES;
				CLANG_ENABLE_OBJC_WEAK = YES;
				CLANG_WARN_BLOCK_CAPTURE_AUTORELEASING = YES;
				CLANG_WARN_BOOL_CONVERSION = YES;
				CLANG_WARN_COMMA = YES;
				CLANG_WARN_CONSTANT_CONVERSION = YES;
				CLANG_WARN_DEPRECATED_OBJC_IMPLEMENTATIONS = YES;
				CLANG_WARN_DIRECT_OBJC_ISA_USAGE = YES_ERROR;
				CLANG_WARN_DOCUMENTATION_COMMENTS = YES;
				CLANG_WARN_EMPTY_BODY = YES;
				CLANG_WARN_ENUM_CONVERSION = YES;
				CLANG_WARN_INFINITE_RECURSION = YES;
				CLANG_WARN_INT_CONVERSION = YES;
				CLANG_WARN_NON_LITERAL_NULL_CONVERSION = YES;
				CLANG_WARN_OBJC_IMPLICIT_RETAIN_SELF = YES;
				CLANG_WARN_OBJC_LITERAL_CONVERSION = YES;
				CLANG_WARN_OBJC_ROOT_CLASS = YES_ERROR;
				CLANG_WARN_QUOTED_INCLUDE_IN_FRAMEWORK_HEADER = YES;
				CLANG_WARN_RANGE_LOOP_ANALYSIS = YES;
				CLANG_WARN_STRICT_PROTOTYPES = YES;
				CLANG_WARN_SUSPICIOUS_MOVE = YES;
				CLANG_WARN_UNGUARDED_AVAILABILITY = YES_AGGRESSIVE;
				CLANG_WARN_UNREACHABLE_CODE = YES;
				CLANG_WARN__DUPLICATE_METHOD_MATCH = YES;
				COPY_PHASE_STRIP = NO;
				DEBUG_INFORMATION_FORMAT = dwarf;
				ENABLE_STRICT_OBJC_MSGSEND = YES;
				ENABLE_TESTABILITY = YES;
				GCC_C_LANGUAGE_STANDARD = gnu11;
				GCC_DYNAMIC_NO_PIC = NO;
				GCC_NO_COMMON_BLOCKS = YES;
				GCC_OPTIMIZATION_LEVEL = 0;
				GCC_PREPROCESSOR_DEFINITIONS = (
					"DEBUG=1",
					"$(inherited)",
				);
				GCC_WARN_64_TO_32_BIT_CONVERSION = YES;
				GCC_WARN_ABOUT_RETURN_TYPE = YES_ERROR;
				GCC_WARN_UNDECLARED_SELECTOR = YES;
				GCC_WARN_UNINITIALIZED_AUTOS = YES_AGGRESSIVE;
				GCC_WARN_UNUSED_FUNCTION = YES;
				GCC_WARN_UNUSED_VARIABLE = YES;
				IPHONEOS_DEPLOYMENT_TARGET = 15.2;
				MTL_ENABLE_DEBUG_INFO = INCLUDE_SOURCE;
				MTL_FAST_MATH = YES;
				ONLY_ACTIVE_ARCH = YES;
				SDKROOT = iphoneos;
				SWIFT_ACTIVE_COMPILATION_CONDITIONS = DEBUG;
				SWIFT_OPTIMIZATION_LEVEL = "-Onone";
			};
			name = Debug;
		};
		A8E89E5627A92BB100D9736E /* Release */ = {
			isa = XCBuildConfiguration;
			buildSettings = {
				ALWAYS_SEARCH_USER_PATHS = NO;
				CLANG_ANALYZER_NONNULL = YES;
				CLANG_ANALYZER_NUMBER_OBJECT_CONVERSION = YES_AGGRESSIVE;
				CLANG_CXX_LANGUAGE_STANDARD = "gnu++17";
				CLANG_CXX_LIBRARY = "libc++";
				CLANG_ENABLE_MODULES = YES;
				CLANG_ENABLE_OBJC_ARC = YES;
				CLANG_ENABLE_OBJC_WEAK = YES;
				CLANG_WARN_BLOCK_CAPTURE_AUTORELEASING = YES;
				CLANG_WARN_BOOL_CONVERSION = YES;
				CLANG_WARN_COMMA = YES;
				CLANG_WARN_CONSTANT_CONVERSION = YES;
				CLANG_WARN_DEPRECATED_OBJC_IMPLEMENTATIONS = YES;
				CLANG_WARN_DIRECT_OBJC_ISA_USAGE = YES_ERROR;
				CLANG_WARN_DOCUMENTATION_COMMENTS = YES;
				CLANG_WARN_EMPTY_BODY = YES;
				CLANG_WARN_ENUM_CONVERSION = YES;
				CLANG_WARN_INFINITE_RECURSION = YES;
				CLANG_WARN_INT_CONVERSION = YES;
				CLANG_WARN_NON_LITERAL_NULL_CONVERSION = YES;
				CLANG_WARN_OBJC_IMPLICIT_RETAIN_SELF = YES;
				CLANG_WARN_OBJC_LITERAL_CONVERSION = YES;
				CLANG_WARN_OBJC_ROOT_CLASS = YES_ERROR;
				CLANG_WARN_QUOTED_INCLUDE_IN_FRAMEWORK_HEADER = YES;
				CLANG_WARN_RANGE_LOOP_ANALYSIS = YES;
				CLANG_WARN_STRICT_PROTOTYPES = YES;
				CLANG_WARN_SUSPICIOUS_MOVE = YES;
				CLANG_WARN_UNGUARDED_AVAILABILITY = YES_AGGRESSIVE;
				CLANG_WARN_UNREACHABLE_CODE = YES;
				CLANG_WARN__DUPLICATE_METHOD_MATCH = YES;
				COPY_PHASE_STRIP = NO;
				DEBUG_INFORMATION_FORMAT = "dwarf-with-dsym";
				ENABLE_NS_ASSERTIONS = NO;
				ENABLE_STRICT_OBJC_MSGSEND = YES;
				GCC_C_LANGUAGE_STANDARD = gnu11;
				GCC_NO_COMMON_BLOCKS = YES;
				GCC_WARN_64_TO_32_BIT_CONVERSION = YES;
				GCC_WARN_ABOUT_RETURN_TYPE = YES_ERROR;
				GCC_WARN_UNDECLARED_SELECTOR = YES;
				GCC_WARN_UNINITIALIZED_AUTOS = YES_AGGRESSIVE;
				GCC_WARN_UNUSED_FUNCTION = YES;
				GCC_WARN_UNUSED_VARIABLE = YES;
				IPHONEOS_DEPLOYMENT_TARGET = 15.2;
				MTL_ENABLE_DEBUG_INFO = NO;
				MTL_FAST_MATH = YES;
				SDKROOT = iphoneos;
				SWIFT_COMPILATION_MODE = wholemodule;
				SWIFT_OPTIMIZATION_LEVEL = "-O";
				VALIDATE_PRODUCT = YES;
			};
			name = Release;
		};
		A8E89E5827A92BB100D9736E /* Debug */ = {
			isa = XCBuildConfiguration;
			buildSettings = {
				ASSETCATALOG_COMPILER_APPICON_NAME = AppIcon;
				ASSETCATALOG_COMPILER_GLOBAL_ACCENT_COLOR_NAME = AccentColor;
				CODE_SIGN_STYLE = Automatic;
				CURRENT_PROJECT_VERSION = 1;
				DEVELOPMENT_ASSET_PATHS = "\"SwiftUI_Webview_tutorial/Preview Content\"";
				DEVELOPMENT_TEAM = 2T35F6WAJJ;
				ENABLE_PREVIEWS = YES;
				GENERATE_INFOPLIST_FILE = YES;
				INFOPLIST_KEY_UIApplicationSceneManifest_Generation = YES;
				INFOPLIST_KEY_UIApplicationSupportsIndirectInputEvents = YES;
				INFOPLIST_KEY_UILaunchScreen_Generation = YES;
				INFOPLIST_KEY_UISupportedInterfaceOrientations_iPad = "UIInterfaceOrientationPortrait UIInterfaceOrientationPortraitUpsideDown UIInterfaceOrientationLandscapeLeft UIInterfaceOrientationLandscapeRight";
				INFOPLIST_KEY_UISupportedInterfaceOrientations_iPhone = "UIInterfaceOrientationPortrait UIInterfaceOrientationLandscapeLeft UIInterfaceOrientationLandscapeRight";
				LD_RUNPATH_SEARCH_PATHS = (
					"$(inherited)",
					"@executable_path/Frameworks",
				);
				MARKETING_VERSION = 1.0;
				PRODUCT_BUNDLE_IDENTIFIER = "DvDK.SwiftUI-Webview-tutorial";
				PRODUCT_NAME = "$(TARGET_NAME)";
				SWIFT_EMIT_LOC_STRINGS = YES;
				SWIFT_VERSION = 5.0;
				TARGETED_DEVICE_FAMILY = "1,2";
			};
			name = Debug;
		};
		A8E89E5927A92BB100D9736E /* Release */ = {
			isa = XCBuildConfiguration;
			buildSettings = {
				ASSETCATALOG_COMPILER_APPICON_NAME = AppIcon;
				ASSETCATALOG_COMPILER_GLOBAL_ACCENT_COLOR_NAME = AccentColor;
				CODE_SIGN_STYLE = Automatic;
				CURRENT_PROJECT_VERSION = 1;
				DEVELOPMENT_ASSET_PATHS = "\"SwiftUI_Webview_tutorial/Preview Content\"";
				DEVELOPMENT_TEAM = 2T35F6WAJJ;
				ENABLE_PREVIEWS = YES;
				GENERATE_INFOPLIST_FILE = YES;
				INFOPLIST_KEY_UIApplicationSceneManifest_Generation = YES;
				INFOPLIST_KEY_UIApplicationSupportsIndirectInputEvents = YES;
				INFOPLIST_KEY_UILaunchScreen_Generation = YES;
				INFOPLIST_KEY_UISupportedInterfaceOrientations_iPad = "UIInterfaceOrientationPortrait UIInterfaceOrientationPortraitUpsideDown UIInterfaceOrientationLandscapeLeft UIInterfaceOrientationLandscapeRight";
				INFOPLIST_KEY_UISupportedInterfaceOrientations_iPhone = "UIInterfaceOrientationPortrait UIInterfaceOrientationLandscapeLeft UIInterfaceOrientationLandscapeRight";
				LD_RUNPATH_SEARCH_PATHS = (
					"$(inherited)",
					"@executable_path/Frameworks",
				);
				MARKETING_VERSION = 1.0;
				PRODUCT_BUNDLE_IDENTIFIER = "DvDK.SwiftUI-Webview-tutorial";
				PRODUCT_NAME = "$(TARGET_NAME)";
				SWIFT_EMIT_LOC_STRINGS = YES;
				SWIFT_VERSION = 5.0;
				TARGETED_DEVICE_FAMILY = "1,2";
			};
			name = Release;
		};
		A8E89E5B27A92BB100D9736E /* Debug */ = {
			isa = XCBuildConfiguration;
			buildSettings = {
				ALWAYS_EMBED_SWIFT_STANDARD_LIBRARIES = YES;
				BUNDLE_LOADER = "$(TEST_HOST)";
				CODE_SIGN_STYLE = Automatic;
				CURRENT_PROJECT_VERSION = 1;
				DEVELOPMENT_TEAM = 2T35F6WAJJ;
				GENERATE_INFOPLIST_FILE = YES;
				IPHONEOS_DEPLOYMENT_TARGET = 15.2;
				MARKETING_VERSION = 1.0;
				PRODUCT_BUNDLE_IDENTIFIER = "DvDK.SwiftUI-Webview-tutorialTests";
				PRODUCT_NAME = "$(TARGET_NAME)";
				SWIFT_EMIT_LOC_STRINGS = NO;
				SWIFT_VERSION = 5.0;
				TARGETED_DEVICE_FAMILY = "1,2";
				TEST_HOST = "$(BUILT_PRODUCTS_DIR)/SwiftUI_Webview_tutorial.app/SwiftUI_Webview_tutorial";
			};
			name = Debug;
		};
		A8E89E5C27A92BB100D9736E /* Release */ = {
			isa = XCBuildConfiguration;
			buildSettings = {
				ALWAYS_EMBED_SWIFT_STANDARD_LIBRARIES = YES;
				BUNDLE_LOADER = "$(TEST_HOST)";
				CODE_SIGN_STYLE = Automatic;
				CURRENT_PROJECT_VERSION = 1;
				DEVELOPMENT_TEAM = 2T35F6WAJJ;
				GENERATE_INFOPLIST_FILE = YES;
				IPHONEOS_DEPLOYMENT_TARGET = 15.2;
				MARKETING_VERSION = 1.0;
				PRODUCT_BUNDLE_IDENTIFIER = "DvDK.SwiftUI-Webview-tutorialTests";
				PRODUCT_NAME = "$(TARGET_NAME)";
				SWIFT_EMIT_LOC_STRINGS = NO;
				SWIFT_VERSION = 5.0;
				TARGETED_DEVICE_FAMILY = "1,2";
				TEST_HOST = "$(BUILT_PRODUCTS_DIR)/SwiftUI_Webview_tutorial.app/SwiftUI_Webview_tutorial";
			};
			name = Release;
		};
		A8E89E5E27A92BB100D9736E /* Debug */ = {
			isa = XCBuildConfiguration;
			buildSettings = {
				ALWAYS_EMBED_SWIFT_STANDARD_LIBRARIES = YES;
				CODE_SIGN_STYLE = Automatic;
				CURRENT_PROJECT_VERSION = 1;
				DEVELOPMENT_TEAM = 2T35F6WAJJ;
				GENERATE_INFOPLIST_FILE = YES;
				MARKETING_VERSION = 1.0;
				PRODUCT_BUNDLE_IDENTIFIER = "DvDK.SwiftUI-Webview-tutorialUITests";
				PRODUCT_NAME = "$(TARGET_NAME)";
				SWIFT_EMIT_LOC_STRINGS = NO;
				SWIFT_VERSION = 5.0;
				TARGETED_DEVICE_FAMILY = "1,2";
				TEST_TARGET_NAME = SwiftUI_Webview_tutorial;
			};
			name = Debug;
		};
		A8E89E5F27A92BB100D9736E /* Release */ = {
			isa = XCBuildConfiguration;
			buildSettings = {
				ALWAYS_EMBED_SWIFT_STANDARD_LIBRARIES = YES;
				CODE_SIGN_STYLE = Automatic;
				CURRENT_PROJECT_VERSION = 1;
				DEVELOPMENT_TEAM = 2T35F6WAJJ;
				GENERATE_INFOPLIST_FILE = YES;
				MARKETING_VERSION = 1.0;
				PRODUCT_BUNDLE_IDENTIFIER = "DvDK.SwiftUI-Webview-tutorialUITests";
				PRODUCT_NAME = "$(TARGET_NAME)";
				SWIFT_EMIT_LOC_STRINGS = NO;
				SWIFT_VERSION = 5.0;
				TARGETED_DEVICE_FAMILY = "1,2";
				TEST_TARGET_NAME = SwiftUI_Webview_tutorial;
			};
			name = Release;
		};
/* End XCBuildConfiguration section */

/* Begin XCConfigurationList section */
		A8E89E2927A92BB000D9736E /* Build configuration list for PBXProject "SwiftUI_Webview_tutorial" */ = {
			isa = XCConfigurationList;
			buildConfigurations = (
				A8E89E5527A92BB100D9736E /* Debug */,
				A8E89E5627A92BB100D9736E /* Release */,
			);
			defaultConfigurationIsVisible = 0;
			defaultConfigurationName = Release;
		};
		A8E89E5727A92BB100D9736E /* Build configuration list for PBXNativeTarget "SwiftUI_Webview_tutorial" */ = {
			isa = XCConfigurationList;
			buildConfigurations = (
				A8E89E5827A92BB100D9736E /* Debug */,
				A8E89E5927A92BB100D9736E /* Release */,
			);
			defaultConfigurationIsVisible = 0;
			defaultConfigurationName = Release;
		};
		A8E89E5A27A92BB100D9736E /* Build configuration list for PBXNativeTarget "SwiftUI_Webview_tutorialTests" */ = {
			isa = XCConfigurationList;
			buildConfigurations = (
				A8E89E5B27A92BB100D9736E /* Debug */,
				A8E89E5C27A92BB100D9736E /* Release */,
			);
			defaultConfigurationIsVisible = 0;
			defaultConfigurationName = Release;
		};
		A8E89E5D27A92BB100D9736E /* Build configuration list for PBXNativeTarget "SwiftUI_Webview_tutorialUITests" */ = {
			isa = XCConfigurationList;
			buildConfigurations = (
				A8E89E5E27A92BB100D9736E /* Debug */,
				A8E89E5F27A92BB100D9736E /* Release */,
			);
			defaultConfigurationIsVisible = 0;
			defaultConfigurationName = Release;
		};
/* End XCConfigurationList section */

/* Begin XCVersionGroup section */
		A8E89E3C27A92BB100D9736E /* SwiftUI_Webview_tutorial.xcdatamodeld */ = {
			isa = XCVersionGroup;
			children = (
				A8E89E3D27A92BB100D9736E /* SwiftUI_Webview_tutorial.xcdatamodel */,
			);
			currentVersion = A8E89E3D27A92BB100D9736E /* SwiftUI_Webview_tutorial.xcdatamodel */;
			path = SwiftUI_Webview_tutorial.xcdatamodeld;
			sourceTree = "<group>";
			versionGroupType = wrapper.xcdatamodel;
		};
/* End XCVersionGroup section */
	};
	rootObject = A8E89E2627A92BB000D9736E /* Project object */;
}
